github.com/bmizerany/perks v0.0.0-20141205001514-d9a9656a3a4b h1:AP/Y7sqYicnjGDfD5VcY4CIfh1hRXBUavxrvELjTiOE=
github.com/bmizerany/perks v0.0.0-20141205001514-d9a9656a3a4b/go.mod h1:ac9efd0D1fsDb3EJvhqgXRbFx7bs2wqZ10HQPeU8U/Q=
github.com/bobg/thrift v0.0.0-20161221203622-b2a4d4ae21c7 h1:c/LGCxrEbauhlW+/kjResordVOOkVy2/KxysuGNCFfk=
github.com/bobg/thrift v0.0.0-20161221203622-b2a4d4ae21c7/go.mod h1:dYWlFZAkUJbihUY5oRpGZES/EaHG8Z0+bSbmx5MWEpc=
github.com/bobg/thrift v0.0.0-20171102125309-847ecf3c1de8 h1:/B7mhJ4rYys89mG79/9bqhp9XngoXZ6PxGfErsWSOqw=
github.com/bobg/thrift v0.0.0-20171102125309-847ecf3c1de8/go.mod h1:dYWlFZAkUJbihUY5oRpGZES/EaHG8Z0+bSbmx5MWEpc=
github.com/bobg/thrift v0.0.0-20180312153022-3ae304268e1b h1:CWRTYnr1xwSLENLJ1eBVzguncmDmf6DJ5+WDB43z2e8=
github.com/bobg/thrift v0.0.0-20180312153022-3ae304268e1b/go.mod h1:dYWlFZAkUJbihUY5oRpGZES/EaHG8Z0+bSbmx5MWEpc=
github.com/cactus/go-statsd-client v3.2.0+incompatible h1:ZJpQV7zHnerDzsEQS1wnI38tpR7wX3QFmL7WzTerEmY=
github.com/cactus/go-statsd-client v3.2.0+incompatible/go.mod h1:cMRcwZDklk7hXp+Law83urTHUiHMzCev/r4JMYr/zU0=
github.com/cactus/go-statsd-client/v5 v5.0.0 h1:KqvIQtc9qt34uq+nu4nd1PwingWfBt/IISgtUQ2nSJk=
github.com/cactus/go-statsd-client/v5 v5.0.0/go.mod h1:COEvJ1E+/E2L4q6QE5CkjWPi4eeDw9maJBMIuMPBZbY=
github.com/crossdock/crossdock-go v0.0.0-20160816171116-049aabb0122b h1:WR1qVJzbvrVywhAk4kMQKRPx09AZVI0NdEdYs59iHcA=
github.com/crossdock/crossdock-go v0.0.0-20160816171116-049aabb0122b/go.mod h1:v9FBN7gdVTpiD/+LZ7Po0UKvROyT87uLVxTHVky/dlQ=
github.com/davecgh/go-spew v1.1.0/go.mod h1:J7Y8YcW2NihsgmVo/mv3lAwl/skON4iLHjSsI+c5H38=
github.com/davecgh/go-spew v1.1.1 h1:vj9j/u1bqnvCEfJOwUhtlOARqs3+rkHYY13jYWTU97c=
github.com/davecgh/go-spew v1.1.1/go.mod h1:J7Y8YcW2NihsgmVo/mv3lAwl/skON4iLHjSsI+c5H38=
github.com/jessevdk/go-flags v1.4.0/go.mod h1:4FA24M0QyGHXBuZZK/XkWh8h0e1EYbRYJSGM75WSRxI=
github.com/jessevdk/go-flags v1.5.0 h1:1jKYvbxEjfUl0fmqTCOfonvskHHXMjBySTLW4y9LFvc=
github.com/jessevdk/go-flags v1.5.0/go.mod h1:Fw0T6WPc1dYxT4mKEZRfG5kJhaTDP9pj1c2EWnYs/m4=
github.com/opentracing/opentracing-go v1.1.0 h1:pWlfV3Bxv7k65HYwkikxat0+s3pV4bsqf19k25Ur8rU=
github.com/opentracing/opentracing-go v1.1.0/go.mod h1:UkNAQd3GIcIGf0SeVgPpRdFStlNbqXla1AfSYxPUl2o=
github.com/pmezard/go-difflib v1.0.0 h1:4DBwDE0NGyQoBHbLQYPwSUPoCMWR5BEzIk/f1lZbAQM=
github.com/pmezard/go-difflib v1.0.0/go.mod h1:iKH77koFhYxTK1pcRnkKkqfTogsbg7gZNVY4sRDYZ/4=
github.com/prashantv/protectmem v0.0.0-20171002184600-e20412882b3a h1:AA9vgIBDjMHPC2McaGPojgV2dcI78ZC0TLNhYCXEKH8=
github.com/prashantv/protectmem v0.0.0-20171002184600-e20412882b3a/go.mod h1:lzZQ3Noex5pfAy7mkAeCjcBDteYU85uWWnJ/y6gKU8k=
github.com/samuel/go-thrift v0.0.0-20190219015601-e8b6b52668fe h1:gD4vkYmuoWVgdV6UwI3tPo9MtMfVoIRY+Xn9919SJBg=
github.com/samuel/go-thrift v0.0.0-20190219015601-e8b6b52668fe/go.mod h1:Vrkh1pnjV9Bl8c3P9zH0/D4NlOHWP5d4/hF4YTULaec=
github.com/streadway/quantile v0.0.0-20150917103942-b0c588724d25 h1:7z3LSn867ex6VSaahyKadf4WtSsJIgne6A1WLOAGM8A=
github.com/streadway/quantile v0.0.0-20150917103942-b0c588724d25/go.mod h1:lbP8tGiBjZ5YWIc2fzuRpTaz0b/53vT6PEs3QuAWzuU=
github.com/stretchr/objx v0.1.0 h1:4G4v2dO3VZwixGIRoQ5Lfboy6nUhCyYzaqnIAPPhYs4=
github.com/stretchr/objx v0.1.0/go.mod h1:HFkY916IF+rwdDfMAkV7OtwuqBVzrE8GR6GFx+wExME=
github.com/stretchr/testify v1.3.0 h1:TivCn/peBQ7UY8ooIcPgZFpTNSz0Q2U6UrFlUfqbe0Q=
github.com/stretchr/testify v1.3.0/go.mod h1:M5WIy9Dh21IEIfnGCwXGc5bZfKNJtfHm1UVUgZn+9EI=
github.com/uber-go/tally v3.3.15+incompatible h1:9hLSgNBP28CjIaDmAuRTq9qV+UZY+9PcvAkXO4nNMwg=
github.com/uber-go/tally v3.3.15+incompatible/go.mod h1:YDTIBxdXyOU/sCWilKB4bgyufu1cEi0jdVnRdxvjnmU=
github.com/uber/jaeger-client-go v2.22.1+incompatible h1:NHcubEkVbahf9t3p75TOCR83gdUHXjRJvjoBh1yACsM=
github.com/uber/jaeger-client-go v2.22.1+incompatible/go.mod h1:WVhlPFC8FDjOFMMWRy2pZqQJSXxYSwNYOkTr/Z6d3Kk=
github.com/uber/jaeger-lib v2.4.1+incompatible h1:td4jdvLcExb4cBISKIpHuGoVXh+dVKhn2Um6rjCsSsg=
github.com/uber/jaeger-lib v2.4.1+incompatible/go.mod h1:ComeNDZlWwrWnDv8aPp0Ba6+uUTzImX/AauajbLI56U=
go.uber.org/atomic v1.6.0/go.mod h1:sABNBOSYdrvTF6hTgEIbc7YasKWGhgEQZyfxyTvoXHQ=
go.uber.org/atomic v1.7.0 h1:ADUqmZGgLDDfbSL9ZmPxKTybcoEYHgpYfELNoN+7hsw=
go.uber.org/atomic v1.7.0/go.mod h1:fEN4uk6kAWBTFdckzkM89CLk9XfWZrxpCo0nPH17wJc=
go.uber.org/multierr v1.6.0 h1:y6IPFStTAIT5Ytl7/XYmHvzXQ7S3g/IeZW9hyZ5thw4=
go.uber.org/multierr v1.6.0/go.mod h1:cdWPpRnG4AhwMwsgIHip0KRBQjJy5kYEpYjJxpXp9iU=
golang.org/x/crypto v0.0.0-20190308221718-c2843e01d9a2/go.mod h1:djNgcEr1/C05ACkg1iLfiJU5Ep61QUkGW8qpdssI0+w=
golang.org/x/lint v0.0.0-20190930215403-16217165b5de/go.mod h1:6SW0HCj/g11FgYtHlgUYUwCkIfeOF89ocIRzGO/8vkc=
golang.org/x/net v0.0.0-20190311183353-d8887717615a/go.mod h1:t9HGtf8HONx5eT2rtn7q6eTqICYqUVnKs3thJo3Qplg=
golang.org/x/net v0.0.0-20190620200207-3b0461eec859/go.mod h1:z5CRVTTTmAJ677TzLLGU+0bjPO0LkuOLi4/5GtJWs/s=
golang.org/x/net v0.0.0-20190926025831-c00fd9afed17 h1:qPnAdmjNA41t3QBTx2mFGf/SD1IoslhYu7AmdsVzCcs=
golang.org/x/net v0.0.0-20190926025831-c00fd9afed17/go.mod h1:z5CRVTTTmAJ677TzLLGU+0bjPO0LkuOLi4/5GtJWs/s=
golang.org/x/sync v0.0.0-20190423024810-112230192c58/go.mod h1:RxMgew5VJxzue5/jJTE5uejpjVlOe/izrB70Jof72aM=
golang.org/x/sys v0.0.0-20190215142949-d0b11bdaac8a h1:1BGLXjeY4akVXGgbC9HugT3Jv3hCI0z56oJR5vAMgBU=
golang.org/x/sys v0.0.0-20190215142949-d0b11bdaac8a/go.mod h1:STP8DvDyc/dI5b8T5hshtkjS+E42TnysNCUPdjciGhY=
golang.org/x/sys v0.0.0-20210320140829-1e4c9ba3b0c4 h1:EZ2mChiOa8udjfp6rRmswTbtZN/QzUQp4ptM4rnjHvc=
golang.org/x/sys v0.0.0-20210320140829-1e4c9ba3b0c4/go.mod h1:h1NjWce9XRLGQEsW7wpKNCjG9DtNlClVuFLEZdDNbEs=
golang.org/x/text v0.3.0/go.mod h1:NqM8EUOU14njkJ3fqMW+pc6Ldnwhi/IjpwHt7yyuwOQ=
golang.org/x/tools v0.0.0-20190311212946-11955173bddd/go.mod h1:LCzVGOaR6xXOjkQ3onu1FJEFr0SW1gC7cKk1uF8kGRs=
golang.org/x/tools v0.0.0-20191029041327-9cc4af7d6b2c/go.mod h1:b+2E5dAYhXwXZwtnZ6UAqBI28+e2cm9otk0dWdXHAEo=
golang.org/x/xerrors v0.0.0-20190717185122-a985d3407aa7/go.mod h1:I/5z698sn9Ka8TeJc9MKroUUfqBBauWjQqLJ2OPfmY0=
gopkg.in/check.v1 v0.0.0-20161208181325-20d25e280405/go.mod h1:Co6ibVJAznAaIkqp8huTwlJQCZ016jof/cbN4VW5Yz0=
gopkg.in/yaml.v2 v2.4.0 h1:D8xgwECY7CYvx+Y2n4sBz93Jn9JRvxdiyyo8CTfuKaY=
gopkg.in/yaml.v2 v2.4.0/go.mod h1:RDklbk79AGWmwhnvt/jBztapEOGDOx6ZbXqjP6csGnQ=
